
Microsoft Visual Studio Solution File, Format Version 12.00
# Visual Studio 2012
Project("{FAE04EC0-301F-11D3-BF4B-00C04F79EFBC}") = "ReserveOnWeb", "ReserveOnWeb\ReserveOnWeb.csproj", "{74E7C260-12C4-4F98-8152-7008233FBB68}"
EndProject
Global
	GlobalSection(SolutionConfigurationPlatforms) = preSolution
		Debug|Any CPU = Debug|Any CPU
		Release|Any CPU = Release|Any CPU
	EndGlobalSection
	GlobalSection(ProjectConfigurationPlatforms) = postSolution
		{74E7C260-12C4-4F98-8152-7008233FBB68}.Debug|Any CPU.ActiveCfg = Debug|Any CPU
		{74E7C260-12C4-4F98-8152-7008233FBB68}.Debug|Any CPU.Build.0 = Debug|Any CPU
		{74E7C260-12C4-4F98-8152-7008233FBB68}.Release|Any CPU.ActiveCfg = Release|Any CPU
		{74E7C260-12C4-4F98-8152-7008233FBB68}.Release|Any CPU.Build.0 = Release|Any CPU
	EndGlobalSection
	GlobalSection(SolutionProperties) = preSolution
		HideSolutionNode = FALSE
	EndGlobalSection
EndGlobal
